
Microsoft Visual Studio Solution File, Format Version 12.00
# Visual Studio Version 16
VisualStudioVersion = 16.0.35931.194
MinimumVisualStudioVersion = 10.0.40219.1
Project("{8BC9CEB8-8B4A-11D0-8D11-00A0C91BC942}") = "cpp_solutions", "cpp_solutions.vcxproj", "{595FFB68-4B99-48CF-B51D-86FB731001CE}"
EndProject
Global
	GlobalSection(SolutionConfigurationPlatforms) = preSolution
		Debug|x64 = Debug|x64
		Debug|x86 = Debug|x86
		Release|x64 = Release|x64
		Release|x86 = Release|x86
	EndGlobalSection
	GlobalSection(ProjectConfigurationPlatforms) = postSolution
		{595FFB68-4B99-48CF-B51D-86FB731001CE}.Debug|x64.ActiveCfg = Debug|x64
		{595FFB68-4B99-48CF-B51D-86FB731001CE}.Debug|x64.Build.0 = Debug|x64
		{595FFB68-4B99-48CF-B51D-86FB731001CE}.Debug|x86.ActiveCfg = Debug|Win32
		{595FFB68-4B99-48CF-B51D-86FB731001CE}.Debug|x86.Build.0 = Debug|Win32
		{595FFB68-4B99-48CF-B51D-86FB731001CE}.Release|x64.ActiveCfg = Release|x64
		{595FFB68-4B99-48CF-B51D-86FB731001CE}.Release|x64.Build.0 = Release|x64
		{595FFB68-4B99-48CF-B51D-86FB731001CE}.Release|x86.ActiveCfg = Release|Win32
		{595FFB68-4B99-48CF-B51D-86FB731001CE}.Release|x86.Build.0 = Release|Win32
	EndGlobalSection
	GlobalSection(SolutionProperties) = preSolution
		HideSolutionNode = FALSE
	EndGlobalSection
	GlobalSection(ExtensibilityGlobals) = postSolution
		SolutionGuid = {CD28AE6F-512C-46A8-9C79-27D1DE927B9C}
	EndGlobalSection
EndGlobal
